// !$*UTF8*$!
{
	archiveVersion = 1;
	classes = {
	};
	objectVersion = 50;
	objects = {

/* Begin PBXBuildFile section */
		CA0A697A2242DC6E003AD1EB /* AppDelegate.swift in Sources */ = {isa = PBXBuildFile; fileRef = CA0A69792242DC6E003AD1EB /* AppDelegate.swift */; };
		CA0A697C2242DC6E003AD1EB /* ViewController.swift in Sources */ = {isa = PBXBuildFile; fileRef = CA0A697B2242DC6E003AD1EB /* ViewController.swift */; };
		CA0A697F2242DC6E003AD1EB /* Main.storyboard in Resources */ = {isa = PBXBuildFile; fileRef = CA0A697D2242DC6E003AD1EB /* Main.storyboard */; };
		CA0A69812242DC70003AD1EB /* Assets.xcassets in Resources */ = {isa = PBXBuildFile; fileRef = CA0A69802242DC70003AD1EB /* Assets.xcassets */; };
		CA0A69842242DC70003AD1EB /* LaunchScreen.storyboard in Resources */ = {isa = PBXBuildFile; fileRef = CA0A69822242DC70003AD1EB /* LaunchScreen.storyboard */; };
		CA0A698F2242DC70003AD1EB /* Bitcoin_ConverterTests.swift in Sources */ = {isa = PBXBuildFile; fileRef = CA0A698E2242DC70003AD1EB /* Bitcoin_ConverterTests.swift */; };
/* End PBXBuildFile section */

/* Begin PBXContainerItemProxy section */
		CA0A698B2242DC70003AD1EB /* PBXContainerItemProxy */ = {
			isa = PBXContainerItemProxy;
			containerPortal = CA0A696E2242DC6E003AD1EB /* Project object */;
			proxyType = 1;
			remoteGlobalIDString = CA0A69752242DC6E003AD1EB;
			remoteInfo = "Bitcoin Converter";
		};
/* End PBXContainerItemProxy section */

/* Begin PBXFileReference section */
		CA0A69762242DC6E003AD1EB /* Bitcoin Converter.app */ = {isa = PBXFileReference; explicitFileType = wrapper.application; includeInIndex = 0; path = "Bitcoin Converter.app"; sourceTree = BUILT_PRODUCTS_DIR; };
		CA0A69792242DC6E003AD1EB /* AppDelegate.swift */ = {isa = PBXFileReference; lastKnownFileType = sourcecode.swift; path = AppDelegate.swift; sourceTree = "<group>"; };
		CA0A697B2242DC6E003AD1EB /* ViewController.swift */ = {isa = PBXFileReference; lastKnownFileType = sourcecode.swift; path = ViewController.swift; sourceTree = "<group>"; };
		CA0A697E2242DC6E003AD1EB /* Base */ = {isa = PBXFileReference; lastKnownFileType = file.storyboard; name = Base; path = Base.lproj/Main.storyboard; sourceTree = "<group>"; };
		CA0A69802242DC70003AD1EB /* Assets.xcassets */ = {isa = PBXFileReference; lastKnownFileType = folder.assetcatalog; path = Assets.xcassets; sourceTree = "<group>"; };
		CA0A69832242DC70003AD1EB /* Base */ = {isa = PBXFileReference; lastKnownFileType = file.storyboard; name = Base; path = Base.lproj/LaunchScreen.storyboard; sourceTree = "<group>"; };
		CA0A69852242DC70003AD1EB /* Info.plist */ = {isa = PBXFileReference; lastKnownFileType = text.plist.xml; path = Info.plist; sourceTree = "<group>"; };
		CA0A698A2242DC70003AD1EB /* Bitcoin ConverterTests.xctest */ = {isa = PBXFileReference; explicitFileType = wrapper.cfbundle; includeInIndex = 0; path = "Bitcoin ConverterTests.xctest"; sourceTree = BUILT_PRODUCTS_DIR; };
		CA0A698E2242DC70003AD1EB /* Bitcoin_ConverterTests.swift */ = {isa = PBXFileReference; lastKnownFileType = sourcecode.swift; path = Bitcoin_ConverterTests.swift; sourceTree = "<group>"; };
		CA0A69902242DC70003AD1EB /* Info.plist */ = {isa = PBXFileReference; lastKnownFileType = text.plist.xml; path = Info.plist; sourceTree = "<group>"; };
/* End PBXFileReference section */

/* Begin PBXFrameworksBuildPhase section */
		CA0A69732242DC6E003AD1EB /* Frameworks */ = {
			isa = PBXFrameworksBuildPhase;
			buildActionMask = 2147483647;
			files = (
			);
			runOnlyForDeploymentPostprocessing = 0;
		};
		CA0A69872242DC70003AD1EB /* Frameworks */ = {
			isa = PBXFrameworksBuildPhase;
			buildActionMask = 2147483647;
			files = (
			);
			runOnlyForDeploymentPostprocessing = 0;
		};
/* End PBXFrameworksBuildPhase section */

/* Begin PBXGroup section */
		CA0A696D2242DC6E003AD1EB = {
			isa = PBXGroup;
			children = (
				CA0A69782242DC6E003AD1EB /* Bitcoin Converter */,
				CA0A698D2242DC70003AD1EB /* Bitcoin ConverterTests */,
				CA0A69772242DC6E003AD1EB /* Products */,
			);
			sourceTree = "<group>";
		};
		CA0A69772242DC6E003AD1EB /* Products */ = {
			isa = PBXGroup;
			children = (
				CA0A69762242DC6E003AD1EB /* Bitcoin Converter.app */,
				CA0A698A2242DC70003AD1EB /* Bitcoin ConverterTests.xctest */,
			);
			name = Products;
			sourceTree = "<group>";
		};
		CA0A69782242DC6E003AD1EB /* Bitcoin Converter */ = {
			isa = PBXGroup;
			children = (
				CA0A69792242DC6E003AD1EB /* AppDelegate.swift */,
				CA0A697B2242DC6E003AD1EB /* ViewController.swift */,
				CA0A697D2242DC6E003AD1EB /* Main.storyboard */,
				CA0A69802242DC70003AD1EB /* Assets.xcassets */,
				CA0A69822242DC70003AD1EB /* LaunchScreen.storyboard */,
				CA0A69852242DC70003AD1EB /* Info.plist */,
			);
			path = "Bitcoin Converter";
			sourceTree = "<group>";
		};
		CA0A698D2242DC70003AD1EB /* Bitcoin ConverterTests */ = {
			isa = PBXGroup;
			children = (
				CA0A698E2242DC70003AD1EB /* Bitcoin_ConverterTests.swift */,
				CA0A69902242DC70003AD1EB /* Info.plist */,
			);
			path = "Bitcoin ConverterTests";
			sourceTree = "<group>";
		};
/* End PBXGroup section */

/* Begin PBXNativeTarget section */
		CA0A69752242DC6E003AD1EB /* Bitcoin Converter */ = {
			isa = PBXNativeTarget;
			buildConfigurationList = CA0A69932242DC70003AD1EB /* Build configuration list for PBXNativeTarget "Bitcoin Converter" */;
			buildPhases = (
				CA0A69722242DC6E003AD1EB /* Sources */,
				CA0A69732242DC6E003AD1EB /* Frameworks */,
				CA0A69742242DC6E003AD1EB /* Resources */,
			);
			buildRules = (
			);
			dependencies = (
			);
			name = "Bitcoin Converter";
			productName = "Bitcoin Converter";
			productReference = CA0A69762242DC6E003AD1EB /* Bitcoin Converter.app */;
			productType = "com.apple.product-type.application";
		};
		CA0A69892242DC70003AD1EB /* Bitcoin ConverterTests */ = {
			isa = PBXNativeTarget;
			buildConfigurationList = CA0A69962242DC70003AD1EB /* Build configuration list for PBXNativeTarget "Bitcoin ConverterTests" */;
			buildPhases = (
				CA0A69862242DC70003AD1EB /* Sources */,
				CA0A69872242DC70003AD1EB /* Frameworks */,
				CA0A69882242DC70003AD1EB /* Resources */,
			);
			buildRules = (
			);
			dependencies = (
				CA0A698C2242DC70003AD1EB /* PBXTargetDependency */,
			);
			name = "Bitcoin ConverterTests";
			productName = "Bitcoin ConverterTests";
			productReference = CA0A698A2242DC70003AD1EB /* Bitcoin ConverterTests.xctest */;
			productType = "com.apple.product-type.bundle.unit-test";
		};
/* End PBXNativeTarget section */

/* Begin PBXProject section */
		CA0A696E2242DC6E003AD1EB /* Project object */ = {
			isa = PBXProject;
			attributes = {
				LastSwiftUpdateCheck = 1010;
				LastUpgradeCheck = 1010;
				ORGANIZATIONNAME = "Mohamed Hassanin";
				TargetAttributes = {
					CA0A69752242DC6E003AD1EB = {
						CreatedOnToolsVersion = 10.1;
					};
					CA0A69892242DC70003AD1EB = {
						CreatedOnToolsVersion = 10.1;
						TestTargetID = CA0A69752242DC6E003AD1EB;
					};
				};
			};
			buildConfigurationList = CA0A69712242DC6E003AD1EB /* Build configuration list for PBXProject "Bitcoin Converter" */;
			compatibilityVersion = "Xcode 9.3";
			developmentRegion = en;
			hasScannedForEncodings = 0;
			knownRegions = (
				en,
				Base,
			);
			mainGroup = CA0A696D2242DC6E003AD1EB;
			productRefGroup = CA0A69772242DC6E003AD1EB /* Products */;
			projectDirPath = "";
			projectRoot = "";
			targets = (
				CA0A69752242DC6E003AD1EB /* Bitcoin Converter */,
				CA0A69892242DC70003AD1EB /* Bitcoin ConverterTests */,
			);
		};
/* End PBXProject section */

/* Begin PBXResourcesBuildPhase section */
		CA0A69742242DC6E003AD1EB /* Resources */ = {
			isa = PBXResourcesBuildPhase;
			buildActionMask = 2147483647;
			files = (
				CA0A69842242DC70003AD1EB /* LaunchScreen.storyboard in Resources */,
				CA0A69812242DC70003AD1EB /* Assets.xcassets in Resources */,
				CA0A697F2242DC6E003AD1EB /* Main.storyboard in Resources */,
			);
			runOnlyForDeploymentPostprocessing = 0;
		};
		CA0A69882242DC70003AD1EB /* Resources */ = {
			isa = PBXResourcesBuildPhase;
			buildActionMask = 2147483647;
			files = (
			);
			runOnlyForDeploymentPostprocessing = 0;
		};
/* End PBXResourcesBuildPhase section */

/* Begin PBXSourcesBuildPhase section */
		CA0A69722242DC6E003AD1EB /* Sources */ = {
			isa = PBXSourcesBuildPhase;
			buildActionMask = 2147483647;
			files = (
				CA0A697C2242DC6E003AD1EB /* ViewController.swift in Sources */,
				CA0A697A2242DC6E003AD1EB /* AppDelegate.swift in Sources */,
			);
			runOnlyForDeploymentPostprocessing = 0;
		};
		CA0A69862242DC70003AD1EB /* Sources */ = {
			isa = PBXSourcesBuildPhase;
			buildActionMask = 2147483647;
			files = (
				CA0A698F2242DC70003AD1EB /* Bitcoin_ConverterTests.swift in Sources */,
			);
			runOnlyForDeploymentPostprocessing = 0;
		};
/* End PBXSourcesBuildPhase section */

/* Begin PBXTargetDependency section */
		CA0A698C2242DC70003AD1EB /* PBXTargetDependency */ = {
			isa = PBXTargetDependency;
			target = CA0A69752242DC6E003AD1EB /* Bitcoin Converter */;
			targetProxy = CA0A698B2242DC70003AD1EB /* PBXContainerItemProxy */;
		};
/* End PBXTargetDependency section */

/* Begin PBXVariantGroup section */
		CA0A697D2242DC6E003AD1EB /* Main.storyboard */ = {
			isa = PBXVariantGroup;
			children = (
				CA0A697E2242DC6E003AD1EB /* Base */,
			);
			name = Main.storyboard;
			sourceTree = "<group>";
		};
		CA0A69822242DC70003AD1EB /* LaunchScreen.storyboard */ = {
			isa = PBXVariantGroup;
			children = (
				CA0A69832242DC70003AD1EB /* Base */,
			);
			name = LaunchScreen.storyboard;
			sourceTree = "<group>";
		};
/* End PBXVariantGroup section */

/* Begin XCBuildConfiguration section */
		CA0A69912242DC70003AD1EB /* Debug */ = {
			isa = XCBuildConfiguration;
			buildSettings = {
				ALWAYS_SEARCH_USER_PATHS = NO;
				CLANG_ANALYZER_NONNULL = YES;
				CLANG_ANALYZER_NUMBER_OBJECT_CONVERSION = YES_AGGRESSIVE;
				CLANG_CXX_LANGUAGE_STANDARD = "gnu++14";
				CLANG_CXX_LIBRARY = "libc++";
				CLANG_ENABLE_MODULES = YES;
				CLANG_ENABLE_OBJC_ARC = YES;
				CLANG_ENABLE_OBJC_WEAK = YES;
				CLANG_WARN_BLOCK_CAPTURE_AUTORELEASING = YES;
				CLANG_WARN_BOOL_CONVERSION = YES;
				CLANG_WARN_COMMA = YES;
				CLANG_WARN_CONSTANT_CONVERSION = YES;
				CLANG_WARN_DEPRECATED_OBJC_IMPLEMENTATIONS = YES;
				CLANG_WARN_DIRECT_OBJC_ISA_USAGE = YES_ERROR;
				CLANG_WARN_DOCUMENTATION_COMMENTS = YES;
				CLANG_WARN_EMPTY_BODY = YES;
				CLANG_WARN_ENUM_CONVERSION = YES;
				CLANG_WARN_INFINITE_RECURSION = YES;
				CLANG_WARN_INT_CONVERSION = YES;
				CLANG_WARN_NON_LITERAL_NULL_CONVERSION = YES;
				CLANG_WARN_OBJC_IMPLICIT_RETAIN_SELF = YES;
				CLANG_WARN_OBJC_LITERAL_CONVERSION = YES;
				CLANG_WARN_OBJC_ROOT_CLASS = YES_ERROR;
				CLANG_WARN_RANGE_LOOP_ANALYSIS = YES;
				CLANG_WARN_STRICT_PROTOTYPES = YES;
				CLANG_WARN_SUSPICIOUS_MOVE = YES;
				CLANG_WARN_UNGUARDED_AVAILABILITY = YES_AGGRESSIVE;
				CLANG_WARN_UNREACHABLE_CODE = YES;
				CLANG_WARN__DUPLICATE_METHOD_MATCH = YES;
				CODE_SIGN_IDENTITY = "iPhone Developer";
				COPY_PHASE_STRIP = NO;
				DEBUG_INFORMATION_FORMAT = dwarf;
				ENABLE_STRICT_OBJC_MSGSEND = YES;
				ENABLE_TESTABILITY = YES;
				GCC_C_LANGUAGE_STANDARD = gnu11;
				GCC_DYNAMIC_NO_PIC = NO;
				GCC_NO_COMMON_BLOCKS = YES;
				GCC_OPTIMIZATION_LEVEL = 0;
				GCC_PREPROCESSOR_DEFINITIONS = (
					"DEBUG=1",
					"$(inherited)",
				);
				GCC_WARN_64_TO_32_BIT_CONVERSION = YES;
				GCC_WARN_ABOUT_RETURN_TYPE = YES_ERROR;
				GCC_WARN_UNDECLARED_SELECTOR = YES;
				GCC_WARN_UNINITIALIZED_AUTOS = YES_AGGRESSIVE;
				GCC_WARN_UNUSED_FUNCTION = YES;
				GCC_WARN_UNUSED_VARIABLE = YES;
				IPHONEOS_DEPLOYMENT_TARGET = 12.1;
				MTL_ENABLE_DEBUG_INFO = INCLUDE_SOURCE;
				MTL_FAST_MATH = YES;
				ONLY_ACTIVE_ARCH = YES;
				SDKROOT = iphoneos;
				SWIFT_ACTIVE_COMPILATION_CONDITIONS = DEBUG;
				SWIFT_OPTIMIZATION_LEVEL = "-Onone";
			};
			name = Debug;
		};
		CA0A69922242DC70003AD1EB /* Release */ = {
			isa = XCBuildConfiguration;
			buildSettings = {
				ALWAYS_SEARCH_USER_PATHS = NO;
				CLANG_ANALYZER_NONNULL = YES;
				CLANG_ANALYZER_NUMBER_OBJECT_CONVERSION = YES_AGGRESSIVE;
				CLANG_CXX_LANGUAGE_STANDARD = "gnu++14";
				CLANG_CXX_LIBRARY = "libc++";
				CLANG_ENABLE_MODULES = YES;
				CLANG_ENABLE_OBJC_ARC = YES;
				CLANG_ENABLE_OBJC_WEAK = YES;
				CLANG_WARN_BLOCK_CAPTURE_AUTORELEASING = YES;
				CLANG_WARN_BOOL_CONVERSION = YES;
				CLANG_WARN_COMMA = YES;
				CLANG_WARN_CONSTANT_CONVERSION = YES;
				CLANG_WARN_DEPRECATED_OBJC_IMPLEMENTATIONS = YES;
				CLANG_WARN_DIRECT_OBJC_ISA_USAGE = YES_ERROR;
				CLANG_WARN_DOCUMENTATION_COMMENTS = YES;
				CLANG_WARN_EMPTY_BODY = YES;
				CLANG_WARN_ENUM_CONVERSION = YES;
				CLANG_WARN_INFINITE_RECURSION = YES;
				CLANG_WARN_INT_CONVERSION = YES;
				CLANG_WARN_NON_LITERAL_NULL_CONVERSION = YES;
				CLANG_WARN_OBJC_IMPLICIT_RETAIN_SELF = YES;
				CLANG_WARN_OBJC_LITERAL_CONVERSION = YES;
				CLANG_WARN_OBJC_ROOT_CLASS = YES_ERROR;
				CLANG_WARN_RANGE_LOOP_ANALYSIS = YES;
				CLANG_WARN_STRICT_PROTOTYPES = YES;
				CLANG_WARN_SUSPICIOUS_MOVE = YES;
				CLANG_WARN_UNGUARDED_AVAILABILITY = YES_AGGRESSIVE;
				CLANG_WARN_UNREACHABLE_CODE = YES;
				CLANG_WARN__DUPLICATE_METHOD_MATCH = YES;
				CODE_SIGN_IDENTITY = "iPhone Developer";
				COPY_PHASE_STRIP = NO;
				DEBUG_INFORMATION_FORMAT = "dwarf-with-dsym";
				ENABLE_NS_ASSERTIONS = NO;
				ENABLE_STRICT_OBJC_MSGSEND = YES;
				GCC_C_LANGUAGE_STANDARD = gnu11;
				GCC_NO_COMMON_BLOCKS = YES;
				GCC_WARN_64_TO_32_BIT_CONVERSION = YES;
				GCC_WARN_ABOUT_RETURN_TYPE = YES_ERROR;
				GCC_WARN_UNDECLARED_SELECTOR = YES;
				GCC_WARN_UNINITIALIZED_AUTOS = YES_AGGRESSIVE;
				GCC_WARN_UNUSED_FUNCTION = YES;
				GCC_WARN_UNUSED_VARIABLE = YES;
				IPHONEOS_DEPLOYMENT_TARGET = 12.1;
				MTL_ENABLE_DEBUG_INFO = NO;
				MTL_FAST_MATH = YES;
				SDKROOT = iphoneos;
				SWIFT_COMPILATION_MODE = wholemodule;
				SWIFT_OPTIMIZATION_LEVEL = "-O";
				VALIDATE_PRODUCT = YES;
			};
			name = Release;
		};
		CA0A69942242DC70003AD1EB /* Debug */ = {
			isa = XCBuildConfiguration;
			buildSettings = {
				ASSETCATALOG_COMPILER_APPICON_NAME = AppIcon;
				CODE_SIGN_STYLE = Automatic;
				DEVELOPMENT_TEAM = UEPN5XLV56;
				INFOPLIST_FILE = "Bitcoin Converter/Info.plist";
				LD_RUNPATH_SEARCH_PATHS = (
					"$(inherited)",
					"@executable_path/Frameworks",
				);
				PRODUCT_BUNDLE_IDENTIFIER = "Hassanin.Bitcoin-Converter";
				PRODUCT_NAME = "$(TARGET_NAME)";
				SWIFT_VERSION = 4.2;
				TARGETED_DEVICE_FAMILY = "1,2";
			};
			name = Debug;
		};
		CA0A69952242DC70003AD1EB /* Release */ = {
			isa = XCBuildConfiguration;
			buildSettings = {
				ASSETCATALOG_COMPILER_APPICON_NAME = AppIcon;
				CODE_SIGN_STYLE = Automatic;
				DEVELOPMENT_TEAM = UEPN5XLV56;
				INFOPLIST_FILE = "Bitcoin Converter/Info.plist";
				LD_RUNPATH_SEARCH_PATHS = (
					"$(inherited)",
					"@executable_path/Frameworks",
				);
				PRODUCT_BUNDLE_IDENTIFIER = "Hassanin.Bitcoin-Converter";
				PRODUCT_NAME = "$(TARGET_NAME)";
				SWIFT_VERSION = 4.2;
				TARGETED_DEVICE_FAMILY = "1,2";
			};
			name = Release;
		};
		CA0A69972242DC70003AD1EB /* Debug */ = {
			isa = XCBuildConfiguration;
			buildSettings = {
				ALWAYS_EMBED_SWIFT_STANDARD_LIBRARIES = YES;
				BUNDLE_LOADER = "$(TEST_HOST)";
				CODE_SIGN_STYLE = Automatic;
				DEVELOPMENT_TEAM = UEPN5XLV56;
				INFOPLIST_FILE = "Bitcoin ConverterTests/Info.plist";
				LD_RUNPATH_SEARCH_PATHS = (
					"$(inherited)",
					"@executable_path/Frameworks",
					"@loader_path/Frameworks",
				);
				PRODUCT_BUNDLE_IDENTIFIER = "Hassanin.Bitcoin-ConverterTests";
				PRODUCT_NAME = "$(TARGET_NAME)";
				SWIFT_VERSION = 4.2;
				TARGETED_DEVICE_FAMILY = "1,2";
				TEST_HOST = "$(BUILT_PRODUCTS_DIR)/Bitcoin Converter.app/Bitcoin Converter";
			};
			name = Debug;
		};
		CA0A69982242DC70003AD1EB /* Release */ = {
			isa = XCBuildConfiguration;
			buildSettings = {
				ALWAYS_EMBED_SWIFT_STANDARD_LIBRARIES = YES;
				BUNDLE_LOADER = "$(TEST_HOST)";
				CODE_SIGN_STYLE = Automatic;
				DEVELOPMENT_TEAM = UEPN5XLV56;
				INFOPLIST_FILE = "Bitcoin ConverterTests/Info.plist";
				LD_RUNPATH_SEARCH_PATHS = (
					"$(inherited)",
					"@executable_path/Frameworks",
					"@loader_path/Frameworks",
				);
				PRODUCT_BUNDLE_IDENTIFIER = "Hassanin.Bitcoin-ConverterTests";
				PRODUCT_NAME = "$(TARGET_NAME)";
				SWIFT_VERSION = 4.2;
				TARGETED_DEVICE_FAMILY = "1,2";
				TEST_HOST = "$(BUILT_PRODUCTS_DIR)/Bitcoin Converter.app/Bitcoin Converter";
			};
			name = Release;
		};
/* End XCBuildConfiguration section */

/* Begin XCConfigurationList section */
		CA0A69712242DC6E003AD1EB /* Build configuration list for PBXProject "Bitcoin Converter" */ = {
			isa = XCConfigurationList;
			buildConfigurations = (
				CA0A69912242DC70003AD1EB /* Debug */,
				CA0A69922242DC70003AD1EB /* Release */,
			);
			defaultConfigurationIsVisible = 0;
			defaultConfigurationName = Release;
		};
		CA0A69932242DC70003AD1EB /* Build configuration list for PBXNativeTarget "Bitcoin Converter" */ = {
			isa = XCConfigurationList;
			buildConfigurations = (
				CA0A69942242DC70003AD1EB /* Debug */,
				CA0A69952242DC70003AD1EB /* Release */,
			);
			defaultConfigurationIsVisible = 0;
			defaultConfigurationName = Release;
		};
		CA0A69962242DC70003AD1EB /* Build configuration list for PBXNativeTarget "Bitcoin ConverterTests" */ = {
			isa = XCConfigurationList;
			buildConfigurations = (
				CA0A69972242DC70003AD1EB /* Debug */,
				CA0A69982242DC70003AD1EB /* Release */,
			);
			defaultConfigurationIsVisible = 0;
			defaultConfigurationName = Release;
		};
/* End XCConfigurationList section */
	};
	rootObject = CA0A696E2242DC6E003AD1EB /* Project object */;
}
